
Microsoft Visual Studio Solution File, Format Version 12.00
# Visual Studio Version 17
VisualStudioVersion = 17.10.35013.160
MinimumVisualStudioVersion = 10.0.40219.1
Project("{FAE04EC0-301F-11D3-BF4B-00C04F79EFBC}") = "PatientRecords", "PatientRecords\PatientRecords.csproj", "{91D16E5A-FB6E-40AC-BD0B-3EC86745CD17}"
EndProject
Global
	GlobalSection(SolutionConfigurationPlatforms) = preSolution
		Debug|Any CPU = Debug|Any CPU
		Release|Any CPU = Release|Any CPU
	EndGlobalSection
	GlobalSection(ProjectConfigurationPlatforms) = postSolution
		{91D16E5A-FB6E-40AC-BD0B-3EC86745CD17}.Debug|Any CPU.ActiveCfg = Debug|Any CPU
		{91D16E5A-FB6E-40AC-BD0B-3EC86745CD17}.Debug|Any CPU.Build.0 = Debug|Any CPU
		{91D16E5A-FB6E-40AC-BD0B-3EC86745CD17}.Release|Any CPU.ActiveCfg = Release|Any CPU
		{91D16E5A-FB6E-40AC-BD0B-3EC86745CD17}.Release|Any CPU.Build.0 = Release|Any CPU
	EndGlobalSection
	GlobalSection(SolutionProperties) = preSolution
		HideSolutionNode = FALSE
	EndGlobalSection
	GlobalSection(ExtensibilityGlobals) = postSolution
		SolutionGuid = {75925293-F073-4578-8251-275EEA712591}
	EndGlobalSection
EndGlobal
