
Microsoft Visual Studio Solution File, Format Version 12.00
# Visual Studio Version 17
VisualStudioVersion = 17.10.35013.160
MinimumVisualStudioVersion = 10.0.40219.1
Project("{9A19103F-16F7-4668-BE54-9A1E7A4F7556}") = "Interface", "Interface\Interface.csproj", "{74379771-B928-4F11-AF56-A68C9B0640FB}"
EndProject
Project("{FAE04EC0-301F-11D3-BF4B-00C04F79EFBC}") = "DefaultImplementation", "DefaultImplementation\DefaultImplementation.csproj", "{4629FCC5-3851-4338-9E31-A138D0649418}"
EndProject
Project("{FAE04EC0-301F-11D3-BF4B-00C04F79EFBC}") = "NullableTypes", "NullableTypes\NullableTypes.csproj", "{7215D718-2E4C-4E2B-AB44-E671546004A3}"
EndProject
Project("{FAE04EC0-301F-11D3-BF4B-00C04F79EFBC}") = "RefAndValue", "RefAndValue\RefAndValue.csproj", "{5B81BC13-1EBB-45F4-AC82-DF7D1C2A779D}"
EndProject
Project("{FAE04EC0-301F-11D3-BF4B-00C04F79EFBC}") = "ValueType", "ValueType\ValueType.csproj", "{374CFB36-9C50-4C1A-81C1-7FD78DE08595}"
EndProject
Global
	GlobalSection(SolutionConfigurationPlatforms) = preSolution
		Debug|Any CPU = Debug|Any CPU
		Release|Any CPU = Release|Any CPU
	EndGlobalSection
	GlobalSection(ProjectConfigurationPlatforms) = postSolution
		{74379771-B928-4F11-AF56-A68C9B0640FB}.Debug|Any CPU.ActiveCfg = Debug|Any CPU
		{74379771-B928-4F11-AF56-A68C9B0640FB}.Debug|Any CPU.Build.0 = Debug|Any CPU
		{74379771-B928-4F11-AF56-A68C9B0640FB}.Release|Any CPU.ActiveCfg = Release|Any CPU
		{74379771-B928-4F11-AF56-A68C9B0640FB}.Release|Any CPU.Build.0 = Release|Any CPU
		{4629FCC5-3851-4338-9E31-A138D0649418}.Debug|Any CPU.ActiveCfg = Debug|Any CPU
		{4629FCC5-3851-4338-9E31-A138D0649418}.Debug|Any CPU.Build.0 = Debug|Any CPU
		{4629FCC5-3851-4338-9E31-A138D0649418}.Release|Any CPU.ActiveCfg = Release|Any CPU
		{4629FCC5-3851-4338-9E31-A138D0649418}.Release|Any CPU.Build.0 = Release|Any CPU
		{7215D718-2E4C-4E2B-AB44-E671546004A3}.Debug|Any CPU.ActiveCfg = Debug|Any CPU
		{7215D718-2E4C-4E2B-AB44-E671546004A3}.Debug|Any CPU.Build.0 = Debug|Any CPU
		{7215D718-2E4C-4E2B-AB44-E671546004A3}.Release|Any CPU.ActiveCfg = Release|Any CPU
		{7215D718-2E4C-4E2B-AB44-E671546004A3}.Release|Any CPU.Build.0 = Release|Any CPU
		{5B81BC13-1EBB-45F4-AC82-DF7D1C2A779D}.Debug|Any CPU.ActiveCfg = Debug|Any CPU
		{5B81BC13-1EBB-45F4-AC82-DF7D1C2A779D}.Debug|Any CPU.Build.0 = Debug|Any CPU
		{5B81BC13-1EBB-45F4-AC82-DF7D1C2A779D}.Release|Any CPU.ActiveCfg = Release|Any CPU
		{5B81BC13-1EBB-45F4-AC82-DF7D1C2A779D}.Release|Any CPU.Build.0 = Release|Any CPU
		{374CFB36-9C50-4C1A-81C1-7FD78DE08595}.Debug|Any CPU.ActiveCfg = Debug|Any CPU
		{374CFB36-9C50-4C1A-81C1-7FD78DE08595}.Debug|Any CPU.Build.0 = Debug|Any CPU
		{374CFB36-9C50-4C1A-81C1-7FD78DE08595}.Release|Any CPU.ActiveCfg = Release|Any CPU
		{374CFB36-9C50-4C1A-81C1-7FD78DE08595}.Release|Any CPU.Build.0 = Release|Any CPU
	EndGlobalSection
	GlobalSection(SolutionProperties) = preSolution
		HideSolutionNode = FALSE
	EndGlobalSection
	GlobalSection(ExtensibilityGlobals) = postSolution
		SolutionGuid = {19F37DA5-4C7E-4C89-BEB5-3251EF63F7AF}
	EndGlobalSection
EndGlobal
