
Microsoft Visual Studio Solution File, Format Version 12.00
# Visual Studio Version 17
VisualStudioVersion = 17.10.35013.160
MinimumVisualStudioVersion = 10.0.40219.1
Project("{FAE04EC0-301F-11D3-BF4B-00C04F79EFBC}") = "DbFirst", "DbFirst\DbFirst.csproj", "{3C016D9D-8C2D-4DAA-A802-54348E1FD43E}"
EndProject
Global
	GlobalSection(SolutionConfigurationPlatforms) = preSolution
		Debug|Any CPU = Debug|Any CPU
		Release|Any CPU = Release|Any CPU
	EndGlobalSection
	GlobalSection(ProjectConfigurationPlatforms) = postSolution
		{3C016D9D-8C2D-4DAA-A802-54348E1FD43E}.Debug|Any CPU.ActiveCfg = Debug|Any CPU
		{3C016D9D-8C2D-4DAA-A802-54348E1FD43E}.Debug|Any CPU.Build.0 = Debug|Any CPU
		{3C016D9D-8C2D-4DAA-A802-54348E1FD43E}.Release|Any CPU.ActiveCfg = Release|Any CPU
		{3C016D9D-8C2D-4DAA-A802-54348E1FD43E}.Release|Any CPU.Build.0 = Release|Any CPU
	EndGlobalSection
	GlobalSection(SolutionProperties) = preSolution
		HideSolutionNode = FALSE
	EndGlobalSection
	GlobalSection(ExtensibilityGlobals) = postSolution
		SolutionGuid = {45CDD9F7-6779-4765-88FA-EA1D40CA0C15}
	EndGlobalSection
EndGlobal
